
Microsoft Visual Studio Solution File, Format Version 12.00
# Visual Studio Version 17
VisualStudioVersion = 17.0.32126.317
MinimumVisualStudioVersion = 10.0.40219.1
Project("{2150E333-8FDC-42A3-9474-1A3956D46DE8}") = "Solution Items", "Solution Items", "{19CB2EC2-301D-4D0A-81F4-FC8C69A87793}"
	ProjectSection(SolutionItems) = preProject
		README.txt = README.txt
	EndProjectSection
EndProject
Project("{9A19103F-16F7-4668-BE54-9A1E7A4F7556}") = "account-creation", "account-creation\account-creation.csproj", "{3A4292FD-1AEF-462D-A18C-B40578C24FE2}"
EndProject
Project("{9A19103F-16F7-4668-BE54-9A1E7A4F7556}") = "clinic-creation", "clinic-creation\clinic-creation.csproj", "{B6CA7E04-40C3-423B-83C6-5B92615F16B6}"
EndProject
Project("{9A19103F-16F7-4668-BE54-9A1E7A4F7556}") = "clinic-management-ui", "clinic-management-ui\clinic-management-ui.csproj", "{ECCC0292-3144-4F44-89FE-AB0632401DD5}"
EndProject
Project("{9A19103F-16F7-4668-BE54-9A1E7A4F7556}") = "pumper-ui", "personal-account-creation-ui\pumper-ui.csproj", "{819627E0-13AC-4E5A-B458-36020BC07823}"
EndProject
Project("{9A19103F-16F7-4668-BE54-9A1E7A4F7556}") = "pumper-management-ui", "pumper-management-ui\pumper-management-ui.csproj", "{0ED723BF-CB1B-45D7-8538-5D7D2F380F26}"
EndProject
Global
	GlobalSection(SolutionConfigurationPlatforms) = preSolution
		Debug|Any CPU = Debug|Any CPU
		Release|Any CPU = Release|Any CPU
	EndGlobalSection
	GlobalSection(ProjectConfigurationPlatforms) = postSolution
		{3A4292FD-1AEF-462D-A18C-B40578C24FE2}.Debug|Any CPU.ActiveCfg = Debug|Any CPU
		{3A4292FD-1AEF-462D-A18C-B40578C24FE2}.Debug|Any CPU.Build.0 = Debug|Any CPU
		{3A4292FD-1AEF-462D-A18C-B40578C24FE2}.Release|Any CPU.ActiveCfg = Release|Any CPU
		{3A4292FD-1AEF-462D-A18C-B40578C24FE2}.Release|Any CPU.Build.0 = Release|Any CPU
		{B6CA7E04-40C3-423B-83C6-5B92615F16B6}.Debug|Any CPU.ActiveCfg = Debug|Any CPU
		{B6CA7E04-40C3-423B-83C6-5B92615F16B6}.Debug|Any CPU.Build.0 = Debug|Any CPU
		{B6CA7E04-40C3-423B-83C6-5B92615F16B6}.Release|Any CPU.ActiveCfg = Release|Any CPU
		{B6CA7E04-40C3-423B-83C6-5B92615F16B6}.Release|Any CPU.Build.0 = Release|Any CPU
		{ECCC0292-3144-4F44-89FE-AB0632401DD5}.Debug|Any CPU.ActiveCfg = Debug|Any CPU
		{ECCC0292-3144-4F44-89FE-AB0632401DD5}.Debug|Any CPU.Build.0 = Debug|Any CPU
		{ECCC0292-3144-4F44-89FE-AB0632401DD5}.Release|Any CPU.ActiveCfg = Release|Any CPU
		{ECCC0292-3144-4F44-89FE-AB0632401DD5}.Release|Any CPU.Build.0 = Release|Any CPU
		{819627E0-13AC-4E5A-B458-36020BC07823}.Debug|Any CPU.ActiveCfg = Debug|Any CPU
		{819627E0-13AC-4E5A-B458-36020BC07823}.Debug|Any CPU.Build.0 = Debug|Any CPU
		{819627E0-13AC-4E5A-B458-36020BC07823}.Release|Any CPU.ActiveCfg = Release|Any CPU
		{819627E0-13AC-4E5A-B458-36020BC07823}.Release|Any CPU.Build.0 = Release|Any CPU
		{0ED723BF-CB1B-45D7-8538-5D7D2F380F26}.Debug|Any CPU.ActiveCfg = Debug|Any CPU
		{0ED723BF-CB1B-45D7-8538-5D7D2F380F26}.Debug|Any CPU.Build.0 = Debug|Any CPU
		{0ED723BF-CB1B-45D7-8538-5D7D2F380F26}.Release|Any CPU.ActiveCfg = Release|Any CPU
		{0ED723BF-CB1B-45D7-8538-5D7D2F380F26}.Release|Any CPU.Build.0 = Release|Any CPU
	EndGlobalSection
	GlobalSection(SolutionProperties) = preSolution
		HideSolutionNode = FALSE
	EndGlobalSection
	GlobalSection(ExtensibilityGlobals) = postSolution
		SolutionGuid = {414A0455-1DEF-429E-B19A-67AB8C7DDF24}
	EndGlobalSection
EndGlobal
