
Microsoft Visual Studio Solution File, Format Version 12.00
# Visual Studio Version 17
VisualStudioVersion = 17.1.32328.378
MinimumVisualStudioVersion = 10.0.40219.1
Project("{9A19103F-16F7-4668-BE54-9A1E7A4F7556}") = "pumper-ui", "pumper-ui.csproj", "{3AC76978-28BF-4EC2-8957-9A18CFDB1B02}"
EndProject
Global
	GlobalSection(SolutionConfigurationPlatforms) = preSolution
		Debug|Any CPU = Debug|Any CPU
		Release|Any CPU = Release|Any CPU
	EndGlobalSection
	GlobalSection(ProjectConfigurationPlatforms) = postSolution
		{3AC76978-28BF-4EC2-8957-9A18CFDB1B02}.Debug|Any CPU.ActiveCfg = Debug|Any CPU
		{3AC76978-28BF-4EC2-8957-9A18CFDB1B02}.Debug|Any CPU.Build.0 = Debug|Any CPU
		{3AC76978-28BF-4EC2-8957-9A18CFDB1B02}.Release|Any CPU.ActiveCfg = Release|Any CPU
		{3AC76978-28BF-4EC2-8957-9A18CFDB1B02}.Release|Any CPU.Build.0 = Release|Any CPU
	EndGlobalSection
	GlobalSection(SolutionProperties) = preSolution
		HideSolutionNode = FALSE
	EndGlobalSection
	GlobalSection(ExtensibilityGlobals) = postSolution
		SolutionGuid = {84E41FA7-8F1B-405E-9B08-552F9F6B7B9B}
	EndGlobalSection
EndGlobal
